
Microsoft Visual Studio Solution File, Format Version 12.00
# Visual Studio Version 17
VisualStudioVersion = 17.3.32825.248
MinimumVisualStudioVersion = 10.0.40219.1
Project("{9A19103F-16F7-4668-BE54-9A1E7A4F7556}") = "ProjectManagment", "ProjectManagment\ProjectManagment.csproj", "{30612440-658C-46F2-AE09-D1D13E6DCB8A}"
EndProject
Global
	GlobalSection(SolutionConfigurationPlatforms) = preSolution
		Debug|Any CPU = Debug|Any CPU
		Release|Any CPU = Release|Any CPU
	EndGlobalSection
	GlobalSection(ProjectConfigurationPlatforms) = postSolution
		{30612440-658C-46F2-AE09-D1D13E6DCB8A}.Debug|Any CPU.ActiveCfg = Debug|Any CPU
		{30612440-658C-46F2-AE09-D1D13E6DCB8A}.Debug|Any CPU.Build.0 = Debug|Any CPU
		{30612440-658C-46F2-AE09-D1D13E6DCB8A}.Release|Any CPU.ActiveCfg = Release|Any CPU
		{30612440-658C-46F2-AE09-D1D13E6DCB8A}.Release|Any CPU.Build.0 = Release|Any CPU
	EndGlobalSection
	GlobalSection(SolutionProperties) = preSolution
		HideSolutionNode = FALSE
	EndGlobalSection
	GlobalSection(ExtensibilityGlobals) = postSolution
		SolutionGuid = {664F12CC-0418-438B-827D-32B4192876D4}
	EndGlobalSection
EndGlobal
